
Microsoft Visual Studio Solution File, Format Version 12.00
# Visual Studio Version 17
VisualStudioVersion = 17.11.35327.3
MinimumVisualStudioVersion = 10.0.40219.1
Project("{9A19103F-16F7-4668-BE54-9A1E7A4F7556}") = "POS", "POS\POS.csproj", "{7581D780-4992-4017-92E1-243D075AD758}"
EndProject
Project("{FAE04EC0-301F-11D3-BF4B-00C04F79EFBC}") = "test", "test\test.csproj", "{F15B3973-F2C4-4E50-BA15-7441E5456615}"
EndProject
Global
	GlobalSection(SolutionConfigurationPlatforms) = preSolution
		Debug|Any CPU = Debug|Any CPU
		Release|Any CPU = Release|Any CPU
	EndGlobalSection
	GlobalSection(ProjectConfigurationPlatforms) = postSolution
		{7581D780-4992-4017-92E1-243D075AD758}.Debug|Any CPU.ActiveCfg = Debug|Any CPU
		{7581D780-4992-4017-92E1-243D075AD758}.Debug|Any CPU.Build.0 = Debug|Any CPU
		{7581D780-4992-4017-92E1-243D075AD758}.Release|Any CPU.ActiveCfg = Release|Any CPU
		{7581D780-4992-4017-92E1-243D075AD758}.Release|Any CPU.Build.0 = Release|Any CPU
		{F15B3973-F2C4-4E50-BA15-7441E5456615}.Debug|Any CPU.ActiveCfg = Debug|Any CPU
		{F15B3973-F2C4-4E50-BA15-7441E5456615}.Debug|Any CPU.Build.0 = Debug|Any CPU
		{F15B3973-F2C4-4E50-BA15-7441E5456615}.Release|Any CPU.ActiveCfg = Release|Any CPU
		{F15B3973-F2C4-4E50-BA15-7441E5456615}.Release|Any CPU.Build.0 = Release|Any CPU
	EndGlobalSection
	GlobalSection(SolutionProperties) = preSolution
		HideSolutionNode = FALSE
	EndGlobalSection
	GlobalSection(ExtensibilityGlobals) = postSolution
		SolutionGuid = {17F6A2F3-DAE6-4D5A-B00D-97FC4C3D0B26}
	EndGlobalSection
EndGlobal
