
Microsoft Visual Studio Solution File, Format Version 12.00
# Visual Studio Version 17
VisualStudioVersion = 17.5.33530.505
MinimumVisualStudioVersion = 10.0.40219.1
Project("{FAE04EC0-301F-11D3-BF4B-00C04F79EFBC}") = "ITI.OOPs.Day1", "ITI.OOPs.Day1\ITI.OOPs.Day1.csproj", "{67430879-E400-4506-8DA8-37B9EF2D75E7}"
EndProject
Global
	GlobalSection(SolutionConfigurationPlatforms) = preSolution
		Debug|Any CPU = Debug|Any CPU
		Release|Any CPU = Release|Any CPU
	EndGlobalSection
	GlobalSection(ProjectConfigurationPlatforms) = postSolution
		{67430879-E400-4506-8DA8-37B9EF2D75E7}.Debug|Any CPU.ActiveCfg = Debug|Any CPU
		{67430879-E400-4506-8DA8-37B9EF2D75E7}.Debug|Any CPU.Build.0 = Debug|Any CPU
		{67430879-E400-4506-8DA8-37B9EF2D75E7}.Release|Any CPU.ActiveCfg = Release|Any CPU
		{67430879-E400-4506-8DA8-37B9EF2D75E7}.Release|Any CPU.Build.0 = Release|Any CPU
	EndGlobalSection
	GlobalSection(SolutionProperties) = preSolution
		HideSolutionNode = FALSE
	EndGlobalSection
	GlobalSection(ExtensibilityGlobals) = postSolution
		SolutionGuid = {C2E13528-1A32-4752-9144-A4530CD8DE57}
	EndGlobalSection
EndGlobal
