
Microsoft Visual Studio Solution File, Format Version 12.00
# Visual Studio Version 17
VisualStudioVersion = 17.5.33530.505
MinimumVisualStudioVersion = 10.0.40219.1
Project("{FAE04EC0-301F-11D3-BF4B-00C04F79EFBC}") = "ITI.OOPs.Models", "ITI.OOPs.Models\ITI.OOPs.Models.csproj", "{57A76E09-0235-4DD4-B793-F103732F6D8B}"
EndProject
Project("{FAE04EC0-301F-11D3-BF4B-00C04F79EFBC}") = "ITI.OOPs.Presentation", "ITI.OOPs.Presentation\ITI.OOPs.Presentation.csproj", "{1645385A-43A9-4209-A9B2-CB857566B866}"
EndProject
Project("{FAE04EC0-301F-11D3-BF4B-00C04F79EFBC}") = "ITI.OOPs.Bridge", "ITI.OOPs.Bridge\ITI.OOPs.Bridge.csproj", "{C06357A4-054A-4EEF-B7E3-3A3E14B02C7A}"
EndProject
Global
	GlobalSection(SolutionConfigurationPlatforms) = preSolution
		Debug|Any CPU = Debug|Any CPU
		Release|Any CPU = Release|Any CPU
	EndGlobalSection
	GlobalSection(ProjectConfigurationPlatforms) = postSolution
		{57A76E09-0235-4DD4-B793-F103732F6D8B}.Debug|Any CPU.ActiveCfg = Debug|Any CPU
		{57A76E09-0235-4DD4-B793-F103732F6D8B}.Debug|Any CPU.Build.0 = Debug|Any CPU
		{57A76E09-0235-4DD4-B793-F103732F6D8B}.Release|Any CPU.ActiveCfg = Release|Any CPU
		{57A76E09-0235-4DD4-B793-F103732F6D8B}.Release|Any CPU.Build.0 = Release|Any CPU
		{1645385A-43A9-4209-A9B2-CB857566B866}.Debug|Any CPU.ActiveCfg = Debug|Any CPU
		{1645385A-43A9-4209-A9B2-CB857566B866}.Debug|Any CPU.Build.0 = Debug|Any CPU
		{1645385A-43A9-4209-A9B2-CB857566B866}.Release|Any CPU.ActiveCfg = Release|Any CPU
		{1645385A-43A9-4209-A9B2-CB857566B866}.Release|Any CPU.Build.0 = Release|Any CPU
		{C06357A4-054A-4EEF-B7E3-3A3E14B02C7A}.Debug|Any CPU.ActiveCfg = Debug|Any CPU
		{C06357A4-054A-4EEF-B7E3-3A3E14B02C7A}.Debug|Any CPU.Build.0 = Debug|Any CPU
		{C06357A4-054A-4EEF-B7E3-3A3E14B02C7A}.Release|Any CPU.ActiveCfg = Release|Any CPU
		{C06357A4-054A-4EEF-B7E3-3A3E14B02C7A}.Release|Any CPU.Build.0 = Release|Any CPU
	EndGlobalSection
	GlobalSection(SolutionProperties) = preSolution
		HideSolutionNode = FALSE
	EndGlobalSection
	GlobalSection(ExtensibilityGlobals) = postSolution
		SolutionGuid = {EAAE270A-71A7-4876-A861-B208627E9410}
	EndGlobalSection
EndGlobal
