
Microsoft Visual Studio Solution File, Format Version 12.00
# Visual Studio Version 17
VisualStudioVersion = 17.11.35327.3
MinimumVisualStudioVersion = 10.0.40219.1
Project("{FAE04EC0-301F-11D3-BF4B-00C04F79EFBC}") = "Day6", "..\Day6\Day6.csproj", "{03CB10B2-CB25-4A33-A1A9-CD82A59F4E2A}"
EndProject
Global
	GlobalSection(SolutionConfigurationPlatforms) = preSolution
		Debug|Any CPU = Debug|Any CPU
		Release|Any CPU = Release|Any CPU
	EndGlobalSection
	GlobalSection(ProjectConfigurationPlatforms) = postSolution
		{03CB10B2-CB25-4A33-A1A9-CD82A59F4E2A}.Debug|Any CPU.ActiveCfg = Debug|Any CPU
		{03CB10B2-CB25-4A33-A1A9-CD82A59F4E2A}.Debug|Any CPU.Build.0 = Debug|Any CPU
		{03CB10B2-CB25-4A33-A1A9-CD82A59F4E2A}.Release|Any CPU.ActiveCfg = Release|Any CPU
		{03CB10B2-CB25-4A33-A1A9-CD82A59F4E2A}.Release|Any CPU.Build.0 = Release|Any CPU
	EndGlobalSection
	GlobalSection(SolutionProperties) = preSolution
		HideSolutionNode = FALSE
	EndGlobalSection
	GlobalSection(ExtensibilityGlobals) = postSolution
		SolutionGuid = {247E123E-8FC4-42C5-8E76-B57BA524EFC6}
	EndGlobalSection
EndGlobal
